{
  "pins" : [
    {
      "identity" : "sentry-cocoa",
      "kind" : "remoteSourceControl",
      "location" : "https://github.com/getsentry/sentry-cocoa.git",
      "state" : {
        "revision" : "8da8166d3ee068228849f6e4ed93a99d1c4eadc0",
        "version" : "8.7.0"
      }
    }
  ],
  "version" : 2
}
